
Microsoft Visual Studio Solution File, Format Version 12.00
# Visual Studio Version 17
VisualStudioVersion = 17.4.33213.308
MinimumVisualStudioVersion = 10.0.40219.1
Project("{FAE04EC0-301F-11D3-BF4B-00C04F79EFBC}") = "UsuariosMVC", "UsuariosMVC.csproj", "{515A939B-5272-4A63-9590-31EC6E3FFF11}"
EndProject
Global
	GlobalSection(SolutionConfigurationPlatforms) = preSolution
		Debug|Any CPU = Debug|Any CPU
		Release|Any CPU = Release|Any CPU
	EndGlobalSection
	GlobalSection(ProjectConfigurationPlatforms) = postSolution
		{515A939B-5272-4A63-9590-31EC6E3FFF11}.Debug|Any CPU.ActiveCfg = Debug|Any CPU
		{515A939B-5272-4A63-9590-31EC6E3FFF11}.Debug|Any CPU.Build.0 = Debug|Any CPU
		{515A939B-5272-4A63-9590-31EC6E3FFF11}.Release|Any CPU.ActiveCfg = Release|Any CPU
		{515A939B-5272-4A63-9590-31EC6E3FFF11}.Release|Any CPU.Build.0 = Release|Any CPU
	EndGlobalSection
	GlobalSection(SolutionProperties) = preSolution
		HideSolutionNode = FALSE
	EndGlobalSection
	GlobalSection(ExtensibilityGlobals) = postSolution
		SolutionGuid = {6887F98D-9506-4B12-9A1A-B6DF8CDEAB2B}
	EndGlobalSection
EndGlobal
